
Microsoft Visual Studio Solution File, Format Version 12.00
# Visual Studio 15
VisualStudioVersion = 15.0.27703.2026
MinimumVisualStudioVersion = 10.0.40219.1
Project("{FAE04EC0-301F-11D3-BF4B-00C04F79EFBC}") = "DesignPatterns", "DesignPatterns\DesignPatterns.csproj", "{F448A2BB-EAC2-4359-BF92-28AFAAD4A5FC}"
EndProject
Global
	GlobalSection(SolutionConfigurationPlatforms) = preSolution
		Debug|Any CPU = Debug|Any CPU
		Release|Any CPU = Release|Any CPU
	EndGlobalSection
	GlobalSection(ProjectConfigurationPlatforms) = postSolution
		{F448A2BB-EAC2-4359-BF92-28AFAAD4A5FC}.Debug|Any CPU.ActiveCfg = Debug|Any CPU
		{F448A2BB-EAC2-4359-BF92-28AFAAD4A5FC}.Debug|Any CPU.Build.0 = Debug|Any CPU
		{F448A2BB-EAC2-4359-BF92-28AFAAD4A5FC}.Release|Any CPU.ActiveCfg = Release|Any CPU
		{F448A2BB-EAC2-4359-BF92-28AFAAD4A5FC}.Release|Any CPU.Build.0 = Release|Any CPU
	EndGlobalSection
	GlobalSection(SolutionProperties) = preSolution
		HideSolutionNode = FALSE
	EndGlobalSection
	GlobalSection(ExtensibilityGlobals) = postSolution
		SolutionGuid = {39E0D7E3-14A6-4F14-B6A5-B6F47478F054}
	EndGlobalSection
EndGlobal
